// !$*UTF8*$!
{
	archiveVersion = 1;
	classes = {
	};
	objectVersion = 50;
	objects = {

/* Begin PBXBuildFile section */
		D04D0A1A20EF76D900B230BC /* DurationUnit.swift in Sources */ = {isa = PBXBuildFile; fileRef = D04D0A1920EF76D900B230BC /* DurationUnit.swift */; };
		D0878DDA20E7718300991CBC /* AppDelegate.swift in Sources */ = {isa = PBXBuildFile; fileRef = D0878DD920E7718300991CBC /* AppDelegate.swift */; };
		D0878DDC20E7718300991CBC /* ViewController.swift in Sources */ = {isa = PBXBuildFile; fileRef = D0878DDB20E7718300991CBC /* ViewController.swift */; };
		D0878DDF20E7718300991CBC /* Main.storyboard in Resources */ = {isa = PBXBuildFile; fileRef = D0878DDD20E7718300991CBC /* Main.storyboard */; };
		D0878DE120E7718500991CBC /* Assets.xcassets in Resources */ = {isa = PBXBuildFile; fileRef = D0878DE020E7718500991CBC /* Assets.xcassets */; };
		D0878DE420E7718500991CBC /* LaunchScreen.storyboard in Resources */ = {isa = PBXBuildFile; fileRef = D0878DE220E7718500991CBC /* LaunchScreen.storyboard */; };
/* End PBXBuildFile section */

/* Begin PBXFileReference section */
		D04D0A1920EF76D900B230BC /* DurationUnit.swift */ = {isa = PBXFileReference; lastKnownFileType = sourcecode.swift; name = DurationUnit.swift; path = "/Users/peter/Dropbox/swift/duration unit/Durationunit/Durationunit/DurationUnit.swift"; sourceTree = "<absolute>"; };
		D0878DD620E7718300991CBC /* Durationunit.app */ = {isa = PBXFileReference; explicitFileType = wrapper.application; includeInIndex = 0; path = Durationunit.app; sourceTree = BUILT_PRODUCTS_DIR; };
		D0878DD920E7718300991CBC /* AppDelegate.swift */ = {isa = PBXFileReference; lastKnownFileType = sourcecode.swift; path = AppDelegate.swift; sourceTree = "<group>"; };
		D0878DDB20E7718300991CBC /* ViewController.swift */ = {isa = PBXFileReference; lastKnownFileType = sourcecode.swift; path = ViewController.swift; sourceTree = "<group>"; };
		D0878DDE20E7718300991CBC /* Base */ = {isa = PBXFileReference; lastKnownFileType = file.storyboard; name = Base; path = Base.lproj/Main.storyboard; sourceTree = "<group>"; };
		D0878DE020E7718500991CBC /* Assets.xcassets */ = {isa = PBXFileReference; lastKnownFileType = folder.assetcatalog; path = Assets.xcassets; sourceTree = "<group>"; };
		D0878DE320E7718500991CBC /* Base */ = {isa = PBXFileReference; lastKnownFileType = file.storyboard; name = Base; path = Base.lproj/LaunchScreen.storyboard; sourceTree = "<group>"; };
		D0878DE520E7718500991CBC /* Info.plist */ = {isa = PBXFileReference; lastKnownFileType = text.plist.xml; path = Info.plist; sourceTree = "<group>"; };
/* End PBXFileReference section */

/* Begin PBXFrameworksBuildPhase section */
		D0878DD320E7718300991CBC /* Frameworks */ = {
			isa = PBXFrameworksBuildPhase;
			buildActionMask = 2147483647;
			files = (
			);
			runOnlyForDeploymentPostprocessing = 0;
		};
/* End PBXFrameworksBuildPhase section */

/* Begin PBXGroup section */
		D0878DCD20E7718300991CBC = {
			isa = PBXGroup;
			children = (
				D0878DD820E7718300991CBC /* Durationunit */,
				D0878DD720E7718300991CBC /* Products */,
			);
			sourceTree = "<group>";
		};
		D0878DD720E7718300991CBC /* Products */ = {
			isa = PBXGroup;
			children = (
				D0878DD620E7718300991CBC /* Durationunit.app */,
			);
			name = Products;
			sourceTree = "<group>";
		};
		D0878DD820E7718300991CBC /* Durationunit */ = {
			isa = PBXGroup;
			children = (
				D04D0A1920EF76D900B230BC /* DurationUnit.swift */,
				D0878DD920E7718300991CBC /* AppDelegate.swift */,
				D0878DDB20E7718300991CBC /* ViewController.swift */,
				D0878DDD20E7718300991CBC /* Main.storyboard */,
				D0878DE020E7718500991CBC /* Assets.xcassets */,
				D0878DE220E7718500991CBC /* LaunchScreen.storyboard */,
				D0878DE520E7718500991CBC /* Info.plist */,
			);
			path = Durationunit;
			sourceTree = "<group>";
		};
/* End PBXGroup section */

/* Begin PBXNativeTarget section */
		D0878DD520E7718300991CBC /* Durationunit */ = {
			isa = PBXNativeTarget;
			buildConfigurationList = D0878DE820E7718500991CBC /* Build configuration list for PBXNativeTarget "Durationunit" */;
			buildPhases = (
				D0878DD220E7718300991CBC /* Sources */,
				D0878DD320E7718300991CBC /* Frameworks */,
				D0878DD420E7718300991CBC /* Resources */,
			);
			buildRules = (
			);
			dependencies = (
			);
			name = Durationunit;
			productName = Durationunit;
			productReference = D0878DD620E7718300991CBC /* Durationunit.app */;
			productType = "com.apple.product-type.application";
		};
/* End PBXNativeTarget section */

/* Begin PBXProject section */
		D0878DCE20E7718300991CBC /* Project object */ = {
			isa = PBXProject;
			attributes = {
				LastSwiftUpdateCheck = 0940;
				LastUpgradeCheck = 0940;
				ORGANIZATIONNAME = "Peter Saathoff-Harshfield";
				TargetAttributes = {
					D0878DD520E7718300991CBC = {
						CreatedOnToolsVersion = 9.4;
					};
				};
			};
			buildConfigurationList = D0878DD120E7718300991CBC /* Build configuration list for PBXProject "Durationunit" */;
			compatibilityVersion = "Xcode 9.3";
			developmentRegion = en;
			hasScannedForEncodings = 0;
			knownRegions = (
				en,
				Base,
			);
			mainGroup = D0878DCD20E7718300991CBC;
			productRefGroup = D0878DD720E7718300991CBC /* Products */;
			projectDirPath = "";
			projectRoot = "";
			targets = (
				D0878DD520E7718300991CBC /* Durationunit */,
			);
		};
/* End PBXProject section */

/* Begin PBXResourcesBuildPhase section */
		D0878DD420E7718300991CBC /* Resources */ = {
			isa = PBXResourcesBuildPhase;
			buildActionMask = 2147483647;
			files = (
				D0878DE420E7718500991CBC /* LaunchScreen.storyboard in Resources */,
				D0878DE120E7718500991CBC /* Assets.xcassets in Resources */,
				D0878DDF20E7718300991CBC /* Main.storyboard in Resources */,
			);
			runOnlyForDeploymentPostprocessing = 0;
		};
/* End PBXResourcesBuildPhase section */

/* Begin PBXSourcesBuildPhase section */
		D0878DD220E7718300991CBC /* Sources */ = {
			isa = PBXSourcesBuildPhase;
			buildActionMask = 2147483647;
			files = (
				D0878DDC20E7718300991CBC /* ViewController.swift in Sources */,
				D0878DDA20E7718300991CBC /* AppDelegate.swift in Sources */,
				D04D0A1A20EF76D900B230BC /* DurationUnit.swift in Sources */,
			);
			runOnlyForDeploymentPostprocessing = 0;
		};
/* End PBXSourcesBuildPhase section */

/* Begin PBXVariantGroup section */
		D0878DDD20E7718300991CBC /* Main.storyboard */ = {
			isa = PBXVariantGroup;
			children = (
				D0878DDE20E7718300991CBC /* Base */,
			);
			name = Main.storyboard;
			sourceTree = "<group>";
		};
		D0878DE220E7718500991CBC /* LaunchScreen.storyboard */ = {
			isa = PBXVariantGroup;
			children = (
				D0878DE320E7718500991CBC /* Base */,
			);
			name = LaunchScreen.storyboard;
			sourceTree = "<group>";
		};
/* End PBXVariantGroup section */

/* Begin XCBuildConfiguration section */
		D0878DE620E7718500991CBC /* Debug */ = {
			isa = XCBuildConfiguration;
			buildSettings = {
				ALWAYS_SEARCH_USER_PATHS = NO;
				CLANG_ANALYZER_NONNULL = YES;
				CLANG_ANALYZER_NUMBER_OBJECT_CONVERSION = YES_AGGRESSIVE;
				CLANG_CXX_LANGUAGE_STANDARD = "gnu++14";
				CLANG_CXX_LIBRARY = "libc++";
				CLANG_ENABLE_MODULES = YES;
				CLANG_ENABLE_OBJC_ARC = YES;
				CLANG_ENABLE_OBJC_WEAK = YES;
				CLANG_WARN_BLOCK_CAPTURE_AUTORELEASING = YES;
				CLANG_WARN_BOOL_CONVERSION = YES;
				CLANG_WARN_COMMA = YES;
				CLANG_WARN_CONSTANT_CONVERSION = YES;
				CLANG_WARN_DEPRECATED_OBJC_IMPLEMENTATIONS = YES;
				CLANG_WARN_DIRECT_OBJC_ISA_USAGE = YES_ERROR;
				CLANG_WARN_DOCUMENTATION_COMMENTS = YES;
				CLANG_WARN_EMPTY_BODY = YES;
				CLANG_WARN_ENUM_CONVERSION = YES;
				CLANG_WARN_INFINITE_RECURSION = YES;
				CLANG_WARN_INT_CONVERSION = YES;
				CLANG_WARN_NON_LITERAL_NULL_CONVERSION = YES;
				CLANG_WARN_OBJC_IMPLICIT_RETAIN_SELF = YES;
				CLANG_WARN_OBJC_LITERAL_CONVERSION = YES;
				CLANG_WARN_OBJC_ROOT_CLASS = YES_ERROR;
				CLANG_WARN_RANGE_LOOP_ANALYSIS = YES;
				CLANG_WARN_STRICT_PROTOTYPES = YES;
				CLANG_WARN_SUSPICIOUS_MOVE = YES;
				CLANG_WARN_UNGUARDED_AVAILABILITY = YES_AGGRESSIVE;
				CLANG_WARN_UNREACHABLE_CODE = YES;
				CLANG_WARN__DUPLICATE_METHOD_MATCH = YES;
				CODE_SIGN_IDENTITY = "iPhone Developer";
				COPY_PHASE_STRIP = NO;
				DEBUG_INFORMATION_FORMAT = dwarf;
				ENABLE_STRICT_OBJC_MSGSEND = YES;
				ENABLE_TESTABILITY = YES;
				GCC_C_LANGUAGE_STANDARD = gnu11;
				GCC_DYNAMIC_NO_PIC = NO;
				GCC_NO_COMMON_BLOCKS = YES;
				GCC_OPTIMIZATION_LEVEL = 0;
				GCC_PREPROCESSOR_DEFINITIONS = (
					"DEBUG=1",
					"$(inherited)",
				);
				GCC_WARN_64_TO_32_BIT_CONVERSION = YES;
				GCC_WARN_ABOUT_RETURN_TYPE = YES_ERROR;
				GCC_WARN_UNDECLARED_SELECTOR = YES;
				GCC_WARN_UNINITIALIZED_AUTOS = YES_AGGRESSIVE;
				GCC_WARN_UNUSED_FUNCTION = YES;
				GCC_WARN_UNUSED_VARIABLE = YES;
				IPHONEOS_DEPLOYMENT_TARGET = 11.4;
				MTL_ENABLE_DEBUG_INFO = YES;
				ONLY_ACTIVE_ARCH = YES;
				SDKROOT = iphoneos;
				SWIFT_ACTIVE_COMPILATION_CONDITIONS = DEBUG;
				SWIFT_OPTIMIZATION_LEVEL = "-Onone";
			};
			name = Debug;
		};
		D0878DE720E7718500991CBC /* Release */ = {
			isa = XCBuildConfiguration;
			buildSettings = {
				ALWAYS_SEARCH_USER_PATHS = NO;
				CLANG_ANALYZER_NONNULL = YES;
				CLANG_ANALYZER_NUMBER_OBJECT_CONVERSION = YES_AGGRESSIVE;
				CLANG_CXX_LANGUAGE_STANDARD = "gnu++14";
				CLANG_CXX_LIBRARY = "libc++";
				CLANG_ENABLE_MODULES = YES;
				CLANG_ENABLE_OBJC_ARC = YES;
				CLANG_ENABLE_OBJC_WEAK = YES;
				CLANG_WARN_BLOCK_CAPTURE_AUTORELEASING = YES;
				CLANG_WARN_BOOL_CONVERSION = YES;
				CLANG_WARN_COMMA = YES;
				CLANG_WARN_CONSTANT_CONVERSION = YES;
				CLANG_WARN_DEPRECATED_OBJC_IMPLEMENTATIONS = YES;
				CLANG_WARN_DIRECT_OBJC_ISA_USAGE = YES_ERROR;
				CLANG_WARN_DOCUMENTATION_COMMENTS = YES;
				CLANG_WARN_EMPTY_BODY = YES;
				CLANG_WARN_ENUM_CONVERSION = YES;
				CLANG_WARN_INFINITE_RECURSION = YES;
				CLANG_WARN_INT_CONVERSION = YES;
				CLANG_WARN_NON_LITERAL_NULL_CONVERSION = YES;
				CLANG_WARN_OBJC_IMPLICIT_RETAIN_SELF = YES;
				CLANG_WARN_OBJC_LITERAL_CONVERSION = YES;
				CLANG_WARN_OBJC_ROOT_CLASS = YES_ERROR;
				CLANG_WARN_RANGE_LOOP_ANALYSIS = YES;
				CLANG_WARN_STRICT_PROTOTYPES = YES;
				CLANG_WARN_SUSPICIOUS_MOVE = YES;
				CLANG_WARN_UNGUARDED_AVAILABILITY = YES_AGGRESSIVE;
				CLANG_WARN_UNREACHABLE_CODE = YES;
				CLANG_WARN__DUPLICATE_METHOD_MATCH = YES;
				CODE_SIGN_IDENTITY = "iPhone Developer";
				COPY_PHASE_STRIP = NO;
				DEBUG_INFORMATION_FORMAT = "dwarf-with-dsym";
				ENABLE_NS_ASSERTIONS = NO;
				ENABLE_STRICT_OBJC_MSGSEND = YES;
				GCC_C_LANGUAGE_STANDARD = gnu11;
				GCC_NO_COMMON_BLOCKS = YES;
				GCC_WARN_64_TO_32_BIT_CONVERSION = YES;
				GCC_WARN_ABOUT_RETURN_TYPE = YES_ERROR;
				GCC_WARN_UNDECLARED_SELECTOR = YES;
				GCC_WARN_UNINITIALIZED_AUTOS = YES_AGGRESSIVE;
				GCC_WARN_UNUSED_FUNCTION = YES;
				GCC_WARN_UNUSED_VARIABLE = YES;
				IPHONEOS_DEPLOYMENT_TARGET = 11.4;
				MTL_ENABLE_DEBUG_INFO = NO;
				SDKROOT = iphoneos;
				SWIFT_COMPILATION_MODE = wholemodule;
				SWIFT_OPTIMIZATION_LEVEL = "-O";
				VALIDATE_PRODUCT = YES;
			};
			name = Release;
		};
		D0878DE920E7718500991CBC /* Debug */ = {
			isa = XCBuildConfiguration;
			buildSettings = {
				ASSETCATALOG_COMPILER_APPICON_NAME = "AppIcon-1";
				CODE_SIGN_STYLE = Automatic;
				DEVELOPMENT_TEAM = 9T58DUDY95;
				INFOPLIST_FILE = Durationunit/Info.plist;
				LD_RUNPATH_SEARCH_PATHS = (
					"$(inherited)",
					"@executable_path/Frameworks",
				);
				PRODUCT_BUNDLE_IDENTIFIER = com.petersaathoffharshfield.me.Durationunit;
				PRODUCT_NAME = "$(TARGET_NAME)";
				SWIFT_VERSION = 4.0;
				TARGETED_DEVICE_FAMILY = "1,2";
			};
			name = Debug;
		};
		D0878DEA20E7718500991CBC /* Release */ = {
			isa = XCBuildConfiguration;
			buildSettings = {
				ASSETCATALOG_COMPILER_APPICON_NAME = "AppIcon-1";
				CODE_SIGN_STYLE = Automatic;
				DEVELOPMENT_TEAM = 9T58DUDY95;
				INFOPLIST_FILE = Durationunit/Info.plist;
				LD_RUNPATH_SEARCH_PATHS = (
					"$(inherited)",
					"@executable_path/Frameworks",
				);
				PRODUCT_BUNDLE_IDENTIFIER = com.petersaathoffharshfield.me.Durationunit;
				PRODUCT_NAME = "$(TARGET_NAME)";
				SWIFT_VERSION = 4.0;
				TARGETED_DEVICE_FAMILY = "1,2";
			};
			name = Release;
		};
/* End XCBuildConfiguration section */

/* Begin XCConfigurationList section */
		D0878DD120E7718300991CBC /* Build configuration list for PBXProject "Durationunit" */ = {
			isa = XCConfigurationList;
			buildConfigurations = (
				D0878DE620E7718500991CBC /* Debug */,
				D0878DE720E7718500991CBC /* Release */,
			);
			defaultConfigurationIsVisible = 0;
			defaultConfigurationName = Release;
		};
		D0878DE820E7718500991CBC /* Build configuration list for PBXNativeTarget "Durationunit" */ = {
			isa = XCConfigurationList;
			buildConfigurations = (
				D0878DE920E7718500991CBC /* Debug */,
				D0878DEA20E7718500991CBC /* Release */,
			);
			defaultConfigurationIsVisible = 0;
			defaultConfigurationName = Release;
		};
/* End XCConfigurationList section */
	};
	rootObject = D0878DCE20E7718300991CBC /* Project object */;
}
